// !$*UTF8*$!
{
	archiveVersion = 1;
	classes = {
	};
	objectVersion = 50;
	objects = {

/* Begin PBXBuildFile section */
		B0AD464022CB417500C204AB /* AppDelegate.m in Sources */ = {isa = PBXBuildFile; fileRef = B0AD463F22CB417500C204AB /* AppDelegate.m */; };
		B0AD464822CB417700C204AB /* Assets.xcassets in Resources */ = {isa = PBXBuildFile; fileRef = B0AD464722CB417700C204AB /* Assets.xcassets */; };
		B0AD464B22CB417700C204AB /* LaunchScreen.storyboard in Resources */ = {isa = PBXBuildFile; fileRef = B0AD464922CB417700C204AB /* LaunchScreen.storyboard */; };
		B0AD464E22CB417700C204AB /* main.m in Sources */ = {isa = PBXBuildFile; fileRef = B0AD464D22CB417700C204AB /* main.m */; };
		B0AD465622CB41E500C204AB /* SwizzleClass.m in Sources */ = {isa = PBXBuildFile; fileRef = B0AD465522CB41E500C204AB /* SwizzleClass.m */; };
/* End PBXBuildFile section */

/* Begin PBXFileReference section */
		B0AD463B22CB417500C204AB /* TestIMPChangeDemo.app */ = {isa = PBXFileReference; explicitFileType = wrapper.application; includeInIndex = 0; path = TestIMPChangeDemo.app; sourceTree = BUILT_PRODUCTS_DIR; };
		B0AD463E22CB417500C204AB /* AppDelegate.h */ = {isa = PBXFileReference; lastKnownFileType = sourcecode.c.h; path = AppDelegate.h; sourceTree = "<group>"; };
		B0AD463F22CB417500C204AB /* AppDelegate.m */ = {isa = PBXFileReference; lastKnownFileType = sourcecode.c.objc; path = AppDelegate.m; sourceTree = "<group>"; };
		B0AD464722CB417700C204AB /* Assets.xcassets */ = {isa = PBXFileReference; lastKnownFileType = folder.assetcatalog; path = Assets.xcassets; sourceTree = "<group>"; };
		B0AD464A22CB417700C204AB /* Base */ = {isa = PBXFileReference; lastKnownFileType = file.storyboard; name = Base; path = Base.lproj/LaunchScreen.storyboard; sourceTree = "<group>"; };
		B0AD464C22CB417700C204AB /* Info.plist */ = {isa = PBXFileReference; lastKnownFileType = text.plist.xml; path = Info.plist; sourceTree = "<group>"; };
		B0AD464D22CB417700C204AB /* main.m */ = {isa = PBXFileReference; lastKnownFileType = sourcecode.c.objc; path = main.m; sourceTree = "<group>"; };
		B0AD465422CB41E500C204AB /* SwizzleClass.h */ = {isa = PBXFileReference; lastKnownFileType = sourcecode.c.h; path = SwizzleClass.h; sourceTree = "<group>"; };
		B0AD465522CB41E500C204AB /* SwizzleClass.m */ = {isa = PBXFileReference; lastKnownFileType = sourcecode.c.objc; path = SwizzleClass.m; sourceTree = "<group>"; };
/* End PBXFileReference section */

/* Begin PBXFrameworksBuildPhase section */
		B0AD463822CB417500C204AB /* Frameworks */ = {
			isa = PBXFrameworksBuildPhase;
			buildActionMask = 2147483647;
			files = (
			);
			runOnlyForDeploymentPostprocessing = 0;
		};
/* End PBXFrameworksBuildPhase section */

/* Begin PBXGroup section */
		B0AD463222CB417500C204AB = {
			isa = PBXGroup;
			children = (
				B0AD463D22CB417500C204AB /* TestIMPChangeDemo */,
				B0AD463C22CB417500C204AB /* Products */,
			);
			sourceTree = "<group>";
		};
		B0AD463C22CB417500C204AB /* Products */ = {
			isa = PBXGroup;
			children = (
				B0AD463B22CB417500C204AB /* TestIMPChangeDemo.app */,
			);
			name = Products;
			sourceTree = "<group>";
		};
		B0AD463D22CB417500C204AB /* TestIMPChangeDemo */ = {
			isa = PBXGroup;
			children = (
				B0AD463E22CB417500C204AB /* AppDelegate.h */,
				B0AD463F22CB417500C204AB /* AppDelegate.m */,
				B0AD465422CB41E500C204AB /* SwizzleClass.h */,
				B0AD465522CB41E500C204AB /* SwizzleClass.m */,
				B0AD464722CB417700C204AB /* Assets.xcassets */,
				B0AD464922CB417700C204AB /* LaunchScreen.storyboard */,
				B0AD464C22CB417700C204AB /* Info.plist */,
				B0AD464D22CB417700C204AB /* main.m */,
			);
			path = TestIMPChangeDemo;
			sourceTree = "<group>";
		};
/* End PBXGroup section */

/* Begin PBXNativeTarget section */
		B0AD463A22CB417500C204AB /* TestIMPChangeDemo */ = {
			isa = PBXNativeTarget;
			buildConfigurationList = B0AD465122CB417700C204AB /* Build configuration list for PBXNativeTarget "TestIMPChangeDemo" */;
			buildPhases = (
				B0AD463722CB417500C204AB /* Sources */,
				B0AD463822CB417500C204AB /* Frameworks */,
				B0AD463922CB417500C204AB /* Resources */,
			);
			buildRules = (
			);
			dependencies = (
			);
			name = TestIMPChangeDemo;
			productName = TestIMPChangeDemo;
			productReference = B0AD463B22CB417500C204AB /* TestIMPChangeDemo.app */;
			productType = "com.apple.product-type.application";
		};
/* End PBXNativeTarget section */

/* Begin PBXProject section */
		B0AD463322CB417500C204AB /* Project object */ = {
			isa = PBXProject;
			attributes = {
				LastUpgradeCheck = 1020;
				ORGANIZATIONNAME = PAAT;
				TargetAttributes = {
					B0AD463A22CB417500C204AB = {
						CreatedOnToolsVersion = 10.2.1;
					};
				};
			};
			buildConfigurationList = B0AD463622CB417500C204AB /* Build configuration list for PBXProject "TestIMPChangeDemo" */;
			compatibilityVersion = "Xcode 9.3";
			developmentRegion = en;
			hasScannedForEncodings = 0;
			knownRegions = (
				en,
				Base,
			);
			mainGroup = B0AD463222CB417500C204AB;
			productRefGroup = B0AD463C22CB417500C204AB /* Products */;
			projectDirPath = "";
			projectRoot = "";
			targets = (
				B0AD463A22CB417500C204AB /* TestIMPChangeDemo */,
			);
		};
/* End PBXProject section */

/* Begin PBXResourcesBuildPhase section */
		B0AD463922CB417500C204AB /* Resources */ = {
			isa = PBXResourcesBuildPhase;
			buildActionMask = 2147483647;
			files = (
				B0AD464B22CB417700C204AB /* LaunchScreen.storyboard in Resources */,
				B0AD464822CB417700C204AB /* Assets.xcassets in Resources */,
			);
			runOnlyForDeploymentPostprocessing = 0;
		};
/* End PBXResourcesBuildPhase section */

/* Begin PBXSourcesBuildPhase section */
		B0AD463722CB417500C204AB /* Sources */ = {
			isa = PBXSourcesBuildPhase;
			buildActionMask = 2147483647;
			files = (
				B0AD464E22CB417700C204AB /* main.m in Sources */,
				B0AD464022CB417500C204AB /* AppDelegate.m in Sources */,
				B0AD465622CB41E500C204AB /* SwizzleClass.m in Sources */,
			);
			runOnlyForDeploymentPostprocessing = 0;
		};
/* End PBXSourcesBuildPhase section */

/* Begin PBXVariantGroup section */
		B0AD464922CB417700C204AB /* LaunchScreen.storyboard */ = {
			isa = PBXVariantGroup;
			children = (
				B0AD464A22CB417700C204AB /* Base */,
			);
			name = LaunchScreen.storyboard;
			sourceTree = "<group>";
		};
/* End PBXVariantGroup section */

/* Begin XCBuildConfiguration section */
		B0AD464F22CB417700C204AB /* Debug */ = {
			isa = XCBuildConfiguration;
			buildSettings = {
				ALWAYS_SEARCH_USER_PATHS = NO;
				CLANG_ANALYZER_NONNULL = YES;
				CLANG_ANALYZER_NUMBER_OBJECT_CONVERSION = YES_AGGRESSIVE;
				CLANG_CXX_LANGUAGE_STANDARD = "gnu++14";
				CLANG_CXX_LIBRARY = "libc++";
				CLANG_ENABLE_MODULES = YES;
				CLANG_ENABLE_OBJC_ARC = YES;
				CLANG_ENABLE_OBJC_WEAK = YES;
				CLANG_WARN_BLOCK_CAPTURE_AUTORELEASING = YES;
				CLANG_WARN_BOOL_CONVERSION = YES;
				CLANG_WARN_COMMA = YES;
				CLANG_WARN_CONSTANT_CONVERSION = YES;
				CLANG_WARN_DEPRECATED_OBJC_IMPLEMENTATIONS = YES;
				CLANG_WARN_DIRECT_OBJC_ISA_USAGE = YES_ERROR;
				CLANG_WARN_DOCUMENTATION_COMMENTS = YES;
				CLANG_WARN_EMPTY_BODY = YES;
				CLANG_WARN_ENUM_CONVERSION = YES;
				CLANG_WARN_INFINITE_RECURSION = YES;
				CLANG_WARN_INT_CONVERSION = YES;
				CLANG_WARN_NON_LITERAL_NULL_CONVERSION = YES;
				CLANG_WARN_OBJC_IMPLICIT_RETAIN_SELF = YES;
				CLANG_WARN_OBJC_LITERAL_CONVERSION = YES;
				CLANG_WARN_OBJC_ROOT_CLASS = YES_ERROR;
				CLANG_WARN_RANGE_LOOP_ANALYSIS = YES;
				CLANG_WARN_STRICT_PROTOTYPES = YES;
				CLANG_WARN_SUSPICIOUS_MOVE = YES;
				CLANG_WARN_UNGUARDED_AVAILABILITY = YES_AGGRESSIVE;
				CLANG_WARN_UNREACHABLE_CODE = YES;
				CLANG_WARN__DUPLICATE_METHOD_MATCH = YES;
				CODE_SIGN_IDENTITY = "iPhone Developer";
				COPY_PHASE_STRIP = NO;
				DEBUG_INFORMATION_FORMAT = dwarf;
				ENABLE_STRICT_OBJC_MSGSEND = YES;
				ENABLE_TESTABILITY = YES;
				GCC_C_LANGUAGE_STANDARD = gnu11;
				GCC_DYNAMIC_NO_PIC = NO;
				GCC_NO_COMMON_BLOCKS = YES;
				GCC_OPTIMIZATION_LEVEL = 0;
				GCC_PREPROCESSOR_DEFINITIONS = (
					"DEBUG=1",
					"$(inherited)",
				);
				GCC_WARN_64_TO_32_BIT_CONVERSION = YES;
				GCC_WARN_ABOUT_RETURN_TYPE = YES_ERROR;
				GCC_WARN_UNDECLARED_SELECTOR = YES;
				GCC_WARN_UNINITIALIZED_AUTOS = YES_AGGRESSIVE;
				GCC_WARN_UNUSED_FUNCTION = YES;
				GCC_WARN_UNUSED_VARIABLE = YES;
				IPHONEOS_DEPLOYMENT_TARGET = 12.2;
				MTL_ENABLE_DEBUG_INFO = INCLUDE_SOURCE;
				MTL_FAST_MATH = YES;
				ONLY_ACTIVE_ARCH = YES;
				SDKROOT = iphoneos;
			};
			name = Debug;
		};
		B0AD465022CB417700C204AB /* Release */ = {
			isa = XCBuildConfiguration;
			buildSettings = {
				ALWAYS_SEARCH_USER_PATHS = NO;
				CLANG_ANALYZER_NONNULL = YES;
				CLANG_ANALYZER_NUMBER_OBJECT_CONVERSION = YES_AGGRESSIVE;
				CLANG_CXX_LANGUAGE_STANDARD = "gnu++14";
				CLANG_CXX_LIBRARY = "libc++";
				CLANG_ENABLE_MODULES = YES;
				CLANG_ENABLE_OBJC_ARC = YES;
				CLANG_ENABLE_OBJC_WEAK = YES;
				CLANG_WARN_BLOCK_CAPTURE_AUTORELEASING = YES;
				CLANG_WARN_BOOL_CONVERSION = YES;
				CLANG_WARN_COMMA = YES;
				CLANG_WARN_CONSTANT_CONVERSION = YES;
				CLANG_WARN_DEPRECATED_OBJC_IMPLEMENTATIONS = YES;
				CLANG_WARN_DIRECT_OBJC_ISA_USAGE = YES_ERROR;
				CLANG_WARN_DOCUMENTATION_COMMENTS = YES;
				CLANG_WARN_EMPTY_BODY = YES;
				CLANG_WARN_ENUM_CONVERSION = YES;
				CLANG_WARN_INFINITE_RECURSION = YES;
				CLANG_WARN_INT_CONVERSION = YES;
				CLANG_WARN_NON_LITERAL_NULL_CONVERSION = YES;
				CLANG_WARN_OBJC_IMPLICIT_RETAIN_SELF = YES;
				CLANG_WARN_OBJC_LITERAL_CONVERSION = YES;
				CLANG_WARN_OBJC_ROOT_CLASS = YES_ERROR;
				CLANG_WARN_RANGE_LOOP_ANALYSIS = YES;
				CLANG_WARN_STRICT_PROTOTYPES = YES;
				CLANG_WARN_SUSPICIOUS_MOVE = YES;
				CLANG_WARN_UNGUARDED_AVAILABILITY = YES_AGGRESSIVE;
				CLANG_WARN_UNREACHABLE_CODE = YES;
				CLANG_WARN__DUPLICATE_METHOD_MATCH = YES;
				CODE_SIGN_IDENTITY = "iPhone Developer";
				COPY_PHASE_STRIP = NO;
				DEBUG_INFORMATION_FORMAT = "dwarf-with-dsym";
				ENABLE_NS_ASSERTIONS = NO;
				ENABLE_STRICT_OBJC_MSGSEND = YES;
				GCC_C_LANGUAGE_STANDARD = gnu11;
				GCC_NO_COMMON_BLOCKS = YES;
				GCC_WARN_64_TO_32_BIT_CONVERSION = YES;
				GCC_WARN_ABOUT_RETURN_TYPE = YES_ERROR;
				GCC_WARN_UNDECLARED_SELECTOR = YES;
				GCC_WARN_UNINITIALIZED_AUTOS = YES_AGGRESSIVE;
				GCC_WARN_UNUSED_FUNCTION = YES;
				GCC_WARN_UNUSED_VARIABLE = YES;
				IPHONEOS_DEPLOYMENT_TARGET = 12.2;
				MTL_ENABLE_DEBUG_INFO = NO;
				MTL_FAST_MATH = YES;
				SDKROOT = iphoneos;
				VALIDATE_PRODUCT = YES;
			};
			name = Release;
		};
		B0AD465222CB417700C204AB /* Debug */ = {
			isa = XCBuildConfiguration;
			buildSettings = {
				ASSETCATALOG_COMPILER_APPICON_NAME = AppIcon;
				CODE_SIGN_STYLE = Automatic;
				DEVELOPMENT_TEAM = 8LBBS5SKMK;
				INFOPLIST_FILE = TestIMPChangeDemo/Info.plist;
				LD_RUNPATH_SEARCH_PATHS = (
					"$(inherited)",
					"@executable_path/Frameworks",
				);
				PRODUCT_BUNDLE_IDENTIFIER = paat.TestIMPChangeDemo;
				PRODUCT_NAME = "$(TARGET_NAME)";
				TARGETED_DEVICE_FAMILY = "1,2";
			};
			name = Debug;
		};
		B0AD465322CB417700C204AB /* Release */ = {
			isa = XCBuildConfiguration;
			buildSettings = {
				ASSETCATALOG_COMPILER_APPICON_NAME = AppIcon;
				CODE_SIGN_STYLE = Automatic;
				DEVELOPMENT_TEAM = 8LBBS5SKMK;
				INFOPLIST_FILE = TestIMPChangeDemo/Info.plist;
				LD_RUNPATH_SEARCH_PATHS = (
					"$(inherited)",
					"@executable_path/Frameworks",
				);
				PRODUCT_BUNDLE_IDENTIFIER = paat.TestIMPChangeDemo;
				PRODUCT_NAME = "$(TARGET_NAME)";
				TARGETED_DEVICE_FAMILY = "1,2";
			};
			name = Release;
		};
/* End XCBuildConfiguration section */

/* Begin XCConfigurationList section */
		B0AD463622CB417500C204AB /* Build configuration list for PBXProject "TestIMPChangeDemo" */ = {
			isa = XCConfigurationList;
			buildConfigurations = (
				B0AD464F22CB417700C204AB /* Debug */,
				B0AD465022CB417700C204AB /* Release */,
			);
			defaultConfigurationIsVisible = 0;
			defaultConfigurationName = Release;
		};
		B0AD465122CB417700C204AB /* Build configuration list for PBXNativeTarget "TestIMPChangeDemo" */ = {
			isa = XCConfigurationList;
			buildConfigurations = (
				B0AD465222CB417700C204AB /* Debug */,
				B0AD465322CB417700C204AB /* Release */,
			);
			defaultConfigurationIsVisible = 0;
			defaultConfigurationName = Release;
		};
/* End XCConfigurationList section */
	};
	rootObject = B0AD463322CB417500C204AB /* Project object */;
}
